
Microsoft Visual Studio Solution File, Format Version 12.00
# Visual Studio Version 17
VisualStudioVersion = 17.11.35312.102
MinimumVisualStudioVersion = 10.0.40219.1
Project("{FAE04EC0-301F-11D3-BF4B-00C04F79EFBC}") = "Array", "Array\Array.csproj", "{F9F85DC7-CF61-4ECC-9B68-11BB9EA3760F}"
EndProject
Global
	GlobalSection(SolutionConfigurationPlatforms) = preSolution
		Debug|Any CPU = Debug|Any CPU
		Release|Any CPU = Release|Any CPU
	EndGlobalSection
	GlobalSection(ProjectConfigurationPlatforms) = postSolution
		{F9F85DC7-CF61-4ECC-9B68-11BB9EA3760F}.Debug|Any CPU.ActiveCfg = Debug|Any CPU
		{F9F85DC7-CF61-4ECC-9B68-11BB9EA3760F}.Debug|Any CPU.Build.0 = Debug|Any CPU
		{F9F85DC7-CF61-4ECC-9B68-11BB9EA3760F}.Release|Any CPU.ActiveCfg = Release|Any CPU
		{F9F85DC7-CF61-4ECC-9B68-11BB9EA3760F}.Release|Any CPU.Build.0 = Release|Any CPU
	EndGlobalSection
	GlobalSection(SolutionProperties) = preSolution
		HideSolutionNode = FALSE
	EndGlobalSection
	GlobalSection(ExtensibilityGlobals) = postSolution
		SolutionGuid = {C2ACC3CE-03E1-4240-B638-5F26E9D13F62}
	EndGlobalSection
EndGlobal
